// !$*UTF8*$!
{
	archiveVersion = 1;
	classes = {
	};
	objectVersion = 50;
	objects = {

/* Begin PBXBuildFile section */
		07E9B91F2318CCDF00B3F503 /* AppDelegate.swift in Sources */ = {isa = PBXBuildFile; fileRef = 07E9B91E2318CCDF00B3F503 /* AppDelegate.swift */; };
		07E9B9212318CCDF00B3F503 /* ViewController.swift in Sources */ = {isa = PBXBuildFile; fileRef = 07E9B9202318CCDF00B3F503 /* ViewController.swift */; };
		07E9B9242318CCDF00B3F503 /* Main.storyboard in Resources */ = {isa = PBXBuildFile; fileRef = 07E9B9222318CCDF00B3F503 /* Main.storyboard */; };
		07E9B9272318CCDF00B3F503 /* PICTURE_iOS.xcdatamodeld in Sources */ = {isa = PBXBuildFile; fileRef = 07E9B9252318CCDF00B3F503 /* PICTURE_iOS.xcdatamodeld */; };
		07E9B9292318CCDF00B3F503 /* Assets.xcassets in Resources */ = {isa = PBXBuildFile; fileRef = 07E9B9282318CCDF00B3F503 /* Assets.xcassets */; };
		07E9B92C2318CCDF00B3F503 /* LaunchScreen.storyboard in Resources */ = {isa = PBXBuildFile; fileRef = 07E9B92A2318CCDF00B3F503 /* LaunchScreen.storyboard */; };
/* End PBXBuildFile section */

/* Begin PBXFileReference section */
		07E9B91B2318CCDF00B3F503 /* PICTURE_iOS.app */ = {isa = PBXFileReference; explicitFileType = wrapper.application; includeInIndex = 0; path = PICTURE_iOS.app; sourceTree = BUILT_PRODUCTS_DIR; };
		07E9B91E2318CCDF00B3F503 /* AppDelegate.swift */ = {isa = PBXFileReference; lastKnownFileType = sourcecode.swift; path = AppDelegate.swift; sourceTree = "<group>"; };
		07E9B9202318CCDF00B3F503 /* ViewController.swift */ = {isa = PBXFileReference; lastKnownFileType = sourcecode.swift; path = ViewController.swift; sourceTree = "<group>"; };
		07E9B9232318CCDF00B3F503 /* Base */ = {isa = PBXFileReference; lastKnownFileType = file.storyboard; name = Base; path = Base.lproj/Main.storyboard; sourceTree = "<group>"; };
		07E9B9262318CCDF00B3F503 /* PICTURE_iOS.xcdatamodel */ = {isa = PBXFileReference; lastKnownFileType = wrapper.xcdatamodel; path = PICTURE_iOS.xcdatamodel; sourceTree = "<group>"; };
		07E9B9282318CCDF00B3F503 /* Assets.xcassets */ = {isa = PBXFileReference; lastKnownFileType = folder.assetcatalog; path = Assets.xcassets; sourceTree = "<group>"; };
		07E9B92B2318CCDF00B3F503 /* Base */ = {isa = PBXFileReference; lastKnownFileType = file.storyboard; name = Base; path = Base.lproj/LaunchScreen.storyboard; sourceTree = "<group>"; };
		07E9B92D2318CCDF00B3F503 /* Info.plist */ = {isa = PBXFileReference; lastKnownFileType = text.plist.xml; path = Info.plist; sourceTree = "<group>"; };
/* End PBXFileReference section */

/* Begin PBXFrameworksBuildPhase section */
		07E9B9182318CCDF00B3F503 /* Frameworks */ = {
			isa = PBXFrameworksBuildPhase;
			buildActionMask = 2147483647;
			files = (
			);
			runOnlyForDeploymentPostprocessing = 0;
		};
/* End PBXFrameworksBuildPhase section */

/* Begin PBXGroup section */
		07E9B9122318CCDF00B3F503 = {
			isa = PBXGroup;
			children = (
				07E9B91D2318CCDF00B3F503 /* PICTURE_iOS */,
				07E9B91C2318CCDF00B3F503 /* Products */,
			);
			sourceTree = "<group>";
		};
		07E9B91C2318CCDF00B3F503 /* Products */ = {
			isa = PBXGroup;
			children = (
				07E9B91B2318CCDF00B3F503 /* PICTURE_iOS.app */,
			);
			name = Products;
			sourceTree = "<group>";
		};
		07E9B91D2318CCDF00B3F503 /* PICTURE_iOS */ = {
			isa = PBXGroup;
			children = (
				07E9B91E2318CCDF00B3F503 /* AppDelegate.swift */,
				07E9B9202318CCDF00B3F503 /* ViewController.swift */,
				07E9B9222318CCDF00B3F503 /* Main.storyboard */,
				07E9B9282318CCDF00B3F503 /* Assets.xcassets */,
				07E9B92A2318CCDF00B3F503 /* LaunchScreen.storyboard */,
				07E9B92D2318CCDF00B3F503 /* Info.plist */,
				07E9B9252318CCDF00B3F503 /* PICTURE_iOS.xcdatamodeld */,
			);
			path = PICTURE_iOS;
			sourceTree = "<group>";
		};
/* End PBXGroup section */

/* Begin PBXNativeTarget section */
		07E9B91A2318CCDF00B3F503 /* PICTURE_iOS */ = {
			isa = PBXNativeTarget;
			buildConfigurationList = 07E9B9302318CCDF00B3F503 /* Build configuration list for PBXNativeTarget "PICTURE_iOS" */;
			buildPhases = (
				07E9B9172318CCDF00B3F503 /* Sources */,
				07E9B9182318CCDF00B3F503 /* Frameworks */,
				07E9B9192318CCDF00B3F503 /* Resources */,
			);
			buildRules = (
			);
			dependencies = (
			);
			name = PICTURE_iOS;
			productName = PICTURE_iOS;
			productReference = 07E9B91B2318CCDF00B3F503 /* PICTURE_iOS.app */;
			productType = "com.apple.product-type.application";
		};
/* End PBXNativeTarget section */

/* Begin PBXProject section */
		07E9B9132318CCDF00B3F503 /* Project object */ = {
			isa = PBXProject;
			attributes = {
				LastSwiftUpdateCheck = 1030;
				LastUpgradeCheck = 1030;
				ORGANIZATIONNAME = "노민희";
				TargetAttributes = {
					07E9B91A2318CCDF00B3F503 = {
						CreatedOnToolsVersion = 10.3;
					};
				};
			};
			buildConfigurationList = 07E9B9162318CCDF00B3F503 /* Build configuration list for PBXProject "PICTURE_iOS" */;
			compatibilityVersion = "Xcode 9.3";
			developmentRegion = en;
			hasScannedForEncodings = 0;
			knownRegions = (
				en,
				Base,
			);
			mainGroup = 07E9B9122318CCDF00B3F503;
			productRefGroup = 07E9B91C2318CCDF00B3F503 /* Products */;
			projectDirPath = "";
			projectRoot = "";
			targets = (
				07E9B91A2318CCDF00B3F503 /* PICTURE_iOS */,
			);
		};
/* End PBXProject section */

/* Begin PBXResourcesBuildPhase section */
		07E9B9192318CCDF00B3F503 /* Resources */ = {
			isa = PBXResourcesBuildPhase;
			buildActionMask = 2147483647;
			files = (
				07E9B92C2318CCDF00B3F503 /* LaunchScreen.storyboard in Resources */,
				07E9B9292318CCDF00B3F503 /* Assets.xcassets in Resources */,
				07E9B9242318CCDF00B3F503 /* Main.storyboard in Resources */,
			);
			runOnlyForDeploymentPostprocessing = 0;
		};
/* End PBXResourcesBuildPhase section */

/* Begin PBXSourcesBuildPhase section */
		07E9B9172318CCDF00B3F503 /* Sources */ = {
			isa = PBXSourcesBuildPhase;
			buildActionMask = 2147483647;
			files = (
				07E9B9212318CCDF00B3F503 /* ViewController.swift in Sources */,
				07E9B91F2318CCDF00B3F503 /* AppDelegate.swift in Sources */,
				07E9B9272318CCDF00B3F503 /* PICTURE_iOS.xcdatamodeld in Sources */,
			);
			runOnlyForDeploymentPostprocessing = 0;
		};
/* End PBXSourcesBuildPhase section */

/* Begin PBXVariantGroup section */
		07E9B9222318CCDF00B3F503 /* Main.storyboard */ = {
			isa = PBXVariantGroup;
			children = (
				07E9B9232318CCDF00B3F503 /* Base */,
			);
			name = Main.storyboard;
			sourceTree = "<group>";
		};
		07E9B92A2318CCDF00B3F503 /* LaunchScreen.storyboard */ = {
			isa = PBXVariantGroup;
			children = (
				07E9B92B2318CCDF00B3F503 /* Base */,
			);
			name = LaunchScreen.storyboard;
			sourceTree = "<group>";
		};
/* End PBXVariantGroup section */

/* Begin XCBuildConfiguration section */
		07E9B92E2318CCDF00B3F503 /* Debug */ = {
			isa = XCBuildConfiguration;
			buildSettings = {
				ALWAYS_SEARCH_USER_PATHS = NO;
				CLANG_ANALYZER_NONNULL = YES;
				CLANG_ANALYZER_NUMBER_OBJECT_CONVERSION = YES_AGGRESSIVE;
				CLANG_CXX_LANGUAGE_STANDARD = "gnu++14";
				CLANG_CXX_LIBRARY = "libc++";
				CLANG_ENABLE_MODULES = YES;
				CLANG_ENABLE_OBJC_ARC = YES;
				CLANG_ENABLE_OBJC_WEAK = YES;
				CLANG_WARN_BLOCK_CAPTURE_AUTORELEASING = YES;
				CLANG_WARN_BOOL_CONVERSION = YES;
				CLANG_WARN_COMMA = YES;
				CLANG_WARN_CONSTANT_CONVERSION = YES;
				CLANG_WARN_DEPRECATED_OBJC_IMPLEMENTATIONS = YES;
				CLANG_WARN_DIRECT_OBJC_ISA_USAGE = YES_ERROR;
				CLANG_WARN_DOCUMENTATION_COMMENTS = YES;
				CLANG_WARN_EMPTY_BODY = YES;
				CLANG_WARN_ENUM_CONVERSION = YES;
				CLANG_WARN_INFINITE_RECURSION = YES;
				CLANG_WARN_INT_CONVERSION = YES;
				CLANG_WARN_NON_LITERAL_NULL_CONVERSION = YES;
				CLANG_WARN_OBJC_IMPLICIT_RETAIN_SELF = YES;
				CLANG_WARN_OBJC_LITERAL_CONVERSION = YES;
				CLANG_WARN_OBJC_ROOT_CLASS = YES_ERROR;
				CLANG_WARN_RANGE_LOOP_ANALYSIS = YES;
				CLANG_WARN_STRICT_PROTOTYPES = YES;
				CLANG_WARN_SUSPICIOUS_MOVE = YES;
				CLANG_WARN_UNGUARDED_AVAILABILITY = YES_AGGRESSIVE;
				CLANG_WARN_UNREACHABLE_CODE = YES;
				CLANG_WARN__DUPLICATE_METHOD_MATCH = YES;
				CODE_SIGN_IDENTITY = "iPhone Developer";
				COPY_PHASE_STRIP = NO;
				DEBUG_INFORMATION_FORMAT = dwarf;
				ENABLE_STRICT_OBJC_MSGSEND = YES;
				ENABLE_TESTABILITY = YES;
				GCC_C_LANGUAGE_STANDARD = gnu11;
				GCC_DYNAMIC_NO_PIC = NO;
				GCC_NO_COMMON_BLOCKS = YES;
				GCC_OPTIMIZATION_LEVEL = 0;
				GCC_PREPROCESSOR_DEFINITIONS = (
					"DEBUG=1",
					"$(inherited)",
				);
				GCC_WARN_64_TO_32_BIT_CONVERSION = YES;
				GCC_WARN_ABOUT_RETURN_TYPE = YES_ERROR;
				GCC_WARN_UNDECLARED_SELECTOR = YES;
				GCC_WARN_UNINITIALIZED_AUTOS = YES_AGGRESSIVE;
				GCC_WARN_UNUSED_FUNCTION = YES;
				GCC_WARN_UNUSED_VARIABLE = YES;
				IPHONEOS_DEPLOYMENT_TARGET = 12.4;
				MTL_ENABLE_DEBUG_INFO = INCLUDE_SOURCE;
				MTL_FAST_MATH = YES;
				ONLY_ACTIVE_ARCH = YES;
				SDKROOT = iphoneos;
				SWIFT_ACTIVE_COMPILATION_CONDITIONS = DEBUG;
				SWIFT_OPTIMIZATION_LEVEL = "-Onone";
			};
			name = Debug;
		};
		07E9B92F2318CCDF00B3F503 /* Release */ = {
			isa = XCBuildConfiguration;
			buildSettings = {
				ALWAYS_SEARCH_USER_PATHS = NO;
				CLANG_ANALYZER_NONNULL = YES;
				CLANG_ANALYZER_NUMBER_OBJECT_CONVERSION = YES_AGGRESSIVE;
				CLANG_CXX_LANGUAGE_STANDARD = "gnu++14";
				CLANG_CXX_LIBRARY = "libc++";
				CLANG_ENABLE_MODULES = YES;
				CLANG_ENABLE_OBJC_ARC = YES;
				CLANG_ENABLE_OBJC_WEAK = YES;
				CLANG_WARN_BLOCK_CAPTURE_AUTORELEASING = YES;
				CLANG_WARN_BOOL_CONVERSION = YES;
				CLANG_WARN_COMMA = YES;
				CLANG_WARN_CONSTANT_CONVERSION = YES;
				CLANG_WARN_DEPRECATED_OBJC_IMPLEMENTATIONS = YES;
				CLANG_WARN_DIRECT_OBJC_ISA_USAGE = YES_ERROR;
				CLANG_WARN_DOCUMENTATION_COMMENTS = YES;
				CLANG_WARN_EMPTY_BODY = YES;
				CLANG_WARN_ENUM_CONVERSION = YES;
				CLANG_WARN_INFINITE_RECURSION = YES;
				CLANG_WARN_INT_CONVERSION = YES;
				CLANG_WARN_NON_LITERAL_NULL_CONVERSION = YES;
				CLANG_WARN_OBJC_IMPLICIT_RETAIN_SELF = YES;
				CLANG_WARN_OBJC_LITERAL_CONVERSION = YES;
				CLANG_WARN_OBJC_ROOT_CLASS = YES_ERROR;
				CLANG_WARN_RANGE_LOOP_ANALYSIS = YES;
				CLANG_WARN_STRICT_PROTOTYPES = YES;
				CLANG_WARN_SUSPICIOUS_MOVE = YES;
				CLANG_WARN_UNGUARDED_AVAILABILITY = YES_AGGRESSIVE;
				CLANG_WARN_UNREACHABLE_CODE = YES;
				CLANG_WARN__DUPLICATE_METHOD_MATCH = YES;
				CODE_SIGN_IDENTITY = "iPhone Developer";
				COPY_PHASE_STRIP = NO;
				DEBUG_INFORMATION_FORMAT = "dwarf-with-dsym";
				ENABLE_NS_ASSERTIONS = NO;
				ENABLE_STRICT_OBJC_MSGSEND = YES;
				GCC_C_LANGUAGE_STANDARD = gnu11;
				GCC_NO_COMMON_BLOCKS = YES;
				GCC_WARN_64_TO_32_BIT_CONVERSION = YES;
				GCC_WARN_ABOUT_RETURN_TYPE = YES_ERROR;
				GCC_WARN_UNDECLARED_SELECTOR = YES;
				GCC_WARN_UNINITIALIZED_AUTOS = YES_AGGRESSIVE;
				GCC_WARN_UNUSED_FUNCTION = YES;
				GCC_WARN_UNUSED_VARIABLE = YES;
				IPHONEOS_DEPLOYMENT_TARGET = 12.4;
				MTL_ENABLE_DEBUG_INFO = NO;
				MTL_FAST_MATH = YES;
				SDKROOT = iphoneos;
				SWIFT_COMPILATION_MODE = wholemodule;
				SWIFT_OPTIMIZATION_LEVEL = "-O";
				VALIDATE_PRODUCT = YES;
			};
			name = Release;
		};
		07E9B9312318CCDF00B3F503 /* Debug */ = {
			isa = XCBuildConfiguration;
			buildSettings = {
				ASSETCATALOG_COMPILER_APPICON_NAME = AppIcon;
				CODE_SIGN_STYLE = Automatic;
				DEVELOPMENT_TEAM = 7DFHA9Z9M9;
				INFOPLIST_FILE = PICTURE_iOS/Info.plist;
				LD_RUNPATH_SEARCH_PATHS = (
					"$(inherited)",
					"@executable_path/Frameworks",
				);
				PRODUCT_BUNDLE_IDENTIFIER = "com.nominhee.PICTURE-iOS";
				PRODUCT_NAME = "$(TARGET_NAME)";
				SWIFT_VERSION = 5.0;
				TARGETED_DEVICE_FAMILY = "1,2";
			};
			name = Debug;
		};
		07E9B9322318CCDF00B3F503 /* Release */ = {
			isa = XCBuildConfiguration;
			buildSettings = {
				ASSETCATALOG_COMPILER_APPICON_NAME = AppIcon;
				CODE_SIGN_STYLE = Automatic;
				DEVELOPMENT_TEAM = 7DFHA9Z9M9;
				INFOPLIST_FILE = PICTURE_iOS/Info.plist;
				LD_RUNPATH_SEARCH_PATHS = (
					"$(inherited)",
					"@executable_path/Frameworks",
				);
				PRODUCT_BUNDLE_IDENTIFIER = "com.nominhee.PICTURE-iOS";
				PRODUCT_NAME = "$(TARGET_NAME)";
				SWIFT_VERSION = 5.0;
				TARGETED_DEVICE_FAMILY = "1,2";
			};
			name = Release;
		};
/* End XCBuildConfiguration section */

/* Begin XCConfigurationList section */
		07E9B9162318CCDF00B3F503 /* Build configuration list for PBXProject "PICTURE_iOS" */ = {
			isa = XCConfigurationList;
			buildConfigurations = (
				07E9B92E2318CCDF00B3F503 /* Debug */,
				07E9B92F2318CCDF00B3F503 /* Release */,
			);
			defaultConfigurationIsVisible = 0;
			defaultConfigurationName = Release;
		};
		07E9B9302318CCDF00B3F503 /* Build configuration list for PBXNativeTarget "PICTURE_iOS" */ = {
			isa = XCConfigurationList;
			buildConfigurations = (
				07E9B9312318CCDF00B3F503 /* Debug */,
				07E9B9322318CCDF00B3F503 /* Release */,
			);
			defaultConfigurationIsVisible = 0;
			defaultConfigurationName = Release;
		};
/* End XCConfigurationList section */

/* Begin XCVersionGroup section */
		07E9B9252318CCDF00B3F503 /* PICTURE_iOS.xcdatamodeld */ = {
			isa = XCVersionGroup;
			children = (
				07E9B9262318CCDF00B3F503 /* PICTURE_iOS.xcdatamodel */,
			);
			currentVersion = 07E9B9262318CCDF00B3F503 /* PICTURE_iOS.xcdatamodel */;
			path = PICTURE_iOS.xcdatamodeld;
			sourceTree = "<group>";
			versionGroupType = wrapper.xcdatamodel;
		};
/* End XCVersionGroup section */
	};
	rootObject = 07E9B9132318CCDF00B3F503 /* Project object */;
}
